
Microsoft Visual Studio Solution File, Format Version 12.00
# Visual Studio 14
VisualStudioVersion = 14.0.25420.1
MinimumVisualStudioVersion = 10.0.40219.1
Project("{FAE04EC0-301F-11D3-BF4B-00C04F79EFBC}") = "CardFace", "CardFace\CardFace.csproj", "{F87214C0-07D1-4CDB-B853-0C69F0DD7B8D}"
EndProject
Project("{FAE04EC0-301F-11D3-BF4B-00C04F79EFBC}") = "CardCreation", "CardCreation\CardCreation.csproj", "{69D403BE-5726-48E1-B030-437762A628A7}"
EndProject
Global
	GlobalSection(SolutionConfigurationPlatforms) = preSolution
		Debug|Any CPU = Debug|Any CPU
		Release|Any CPU = Release|Any CPU
	EndGlobalSection
	GlobalSection(ProjectConfigurationPlatforms) = postSolution
		{F87214C0-07D1-4CDB-B853-0C69F0DD7B8D}.Debug|Any CPU.ActiveCfg = Debug|Any CPU
		{F87214C0-07D1-4CDB-B853-0C69F0DD7B8D}.Debug|Any CPU.Build.0 = Debug|Any CPU
		{F87214C0-07D1-4CDB-B853-0C69F0DD7B8D}.Release|Any CPU.ActiveCfg = Release|Any CPU
		{F87214C0-07D1-4CDB-B853-0C69F0DD7B8D}.Release|Any CPU.Build.0 = Release|Any CPU
		{69D403BE-5726-48E1-B030-437762A628A7}.Debug|Any CPU.ActiveCfg = Debug|Any CPU
		{69D403BE-5726-48E1-B030-437762A628A7}.Debug|Any CPU.Build.0 = Debug|Any CPU
		{69D403BE-5726-48E1-B030-437762A628A7}.Release|Any CPU.ActiveCfg = Release|Any CPU
		{69D403BE-5726-48E1-B030-437762A628A7}.Release|Any CPU.Build.0 = Release|Any CPU
	EndGlobalSection
	GlobalSection(SolutionProperties) = preSolution
		HideSolutionNode = FALSE
	EndGlobalSection
EndGlobal
